PODS:
  - Alamofire (4.7.2)
  - SNPNetwork (0.1.1):
    - Alamofire (~> 4.0)
    - SNPUtilities
  - SNPUtilities (0.1.1)

DEPENDENCIES:
  - Alamofire (~> 4.7)
  - SNPNetwork (from `../`)
  - SNPUtilities

SPEC REPOS:
  https://github.com/cocoapods/specs.git:
    - Alamofire
    - SNPUtilities

EXTERNAL SOURCES:
  SNPNetwork:
    :path: "../"

SPEC CHECKSUMS:
  Alamofire: e4fa87002c137ba2d8d634d2c51fabcda0d5c223
  SNPNetwork: 4c7010fc3a0aea95e3ff2abdbf5bcc174ca60244
  SNPUtilities: 298e527927c505c7616295912daacdf77125c527

PODFILE CHECKSUM: 84ae7fdda34a2e6564b6c96c55057e5fb4dea4b2

COCOAPODS: 1.5.2
