PODS:
  - Alamofire (4.7.2)
  - SNPNetwork (0.2.3):
    - Alamofire (~> 4.0)
    - SNPUtilities
  - SNPUtilities (1.1.8)

DEPENDENCIES:
  - Alamofire (~> 4.7)
  - SNPNetwork (from `../`)
  - SNPUtilities (from `https://github.com/snapp-cab/SNPUtilities.git`, branch `dev`)

SPEC REPOS:
  https://github.com/cocoapods/specs.git:
    - Alamofire

EXTERNAL SOURCES:
  SNPNetwork:
    :path: "../"
  SNPUtilities:
    :branch: dev
    :git: https://github.com/snapp-cab/SNPUtilities.git

CHECKOUT OPTIONS:
  SNPUtilities:
    :commit: a2123ef1a9d70e9228817c102d4b7bb6ad78bb90
    :git: https://github.com/snapp-cab/SNPUtilities.git

SPEC CHECKSUMS:
  Alamofire: e4fa87002c137ba2d8d634d2c51fabcda0d5c223
  SNPNetwork: 149d83e0244c0f484b49675ce422148c4b3ad461
  SNPUtilities: 94054c67a95a3f165984c45a2f42eaf89322ab9d

PODFILE CHECKSUM: 0ddbd131759065879cf05f1becbd89bd44834a01

COCOAPODS: 1.5.3
