PODS:
  - Alamofire (4.7.2)
  - SNPNetwork (0.2.3):
    - Alamofire (~> 4.0)
    - SNPUtilities
  - SNPUtilities (1.1.8)

DEPENDENCIES:
  - Alamofire
  - SNPNetwork (from `../`)
  - SNPUtilities (from `https://github.com/snapp-cab/SNPUtilities.git`, branch `dev`)

SPEC REPOS:
  https://github.com/cocoapods/specs.git:
    - Alamofire

EXTERNAL SOURCES:
  SNPNetwork:
    :path: "../"
  SNPUtilities:
    :branch: dev
    :git: https://github.com/snapp-cab/SNPUtilities.git

CHECKOUT OPTIONS:
  SNPUtilities:
    :commit: 29c87883bf68c7996df49ab810a6ba8a8875990f
    :git: https://github.com/snapp-cab/SNPUtilities.git

SPEC CHECKSUMS:
  Alamofire: e4fa87002c137ba2d8d634d2c51fabcda0d5c223
  SNPNetwork: eaaa169cc431ca9664b9b0966a0eaec7b34168d0
  SNPUtilities: 94054c67a95a3f165984c45a2f42eaf89322ab9d

PODFILE CHECKSUM: 731bdb2ede58b77d28b9feafd113dd6c9bb8785f

COCOAPODS: 1.6.0.beta.2
