PODS:
  - Alamofire (4.7.2)
  - SNPNetwork (0.2.3):
    - Alamofire (~> 4.0)
    - SNPUtilities
  - SNPUtilities (1.1.9)

DEPENDENCIES:
  - Alamofire
  - SNPNetwork (from `../`)
  - SNPUtilities (from `https://github.com/snapp-cab/SNPUtilities.git`, branch `dev`)

SPEC REPOS:
  https://github.com/cocoapods/specs.git:
    - Alamofire

EXTERNAL SOURCES:
  SNPNetwork:
    :path: "../"
  SNPUtilities:
    :branch: dev
    :git: https://github.com/snapp-cab/SNPUtilities.git

CHECKOUT OPTIONS:
  SNPUtilities:
    :commit: 548cc259f7972a6384b08e845abdc1d966280e5f
    :git: https://github.com/snapp-cab/SNPUtilities.git

SPEC CHECKSUMS:
  Alamofire: e4fa87002c137ba2d8d634d2c51fabcda0d5c223
  SNPNetwork: 149d83e0244c0f484b49675ce422148c4b3ad461
  SNPUtilities: 53cb50442a94d8f4ccff3ffd336ab5a0e61936df

PODFILE CHECKSUM: 731bdb2ede58b77d28b9feafd113dd6c9bb8785f

COCOAPODS: 1.5.3
